{
  "requires": true,
  "lockfileVersion": 1,
  "dependencies": {
    "vue-cli-plugin-vuetify": {
      "version": "0.6.1",
      "resolved": "https://registry.npmjs.org/vue-cli-plugin-vuetify/-/vue-cli-plugin-vuetify-0.6.1.tgz",
      "integrity": "sha512-WZzXXTdFOXWXVhSL4zXs1nJvC/6Py9kXm4S+bdh+W0xucwXlIAr19cgqCjV9ahR4cznQ/SBDv8x4RFCpPgGAHQ=="
    }
  }
}
